
Microsoft Visual Studio Solution File, Format Version 12.00
# Visual Studio Version 17
VisualStudioVersion = 17.13.35825.156 d17.13
MinimumVisualStudioVersion = 10.0.40219.1
Project("{FAE04EC0-301F-11D3-BF4B-00C04F79EFBC}") = "TranslatorViewer", "TranslatorViewer.csproj", "{7E5464A6-9641-46BD-BDF1-DE09112B9CB9}"
EndProject
Project("{888888A0-9F3D-457C-B088-3A5042F75D52}") = "Translator", "..\Translator\Translator.pyproj", "{AA334D4B-9EC0-4D32-8F4F-81BCF407F138}"
EndProject
Global
	GlobalSection(SolutionConfigurationPlatforms) = preSolution
		Debug|Any CPU = Debug|Any CPU
		Release|Any CPU = Release|Any CPU
	EndGlobalSection
	GlobalSection(ProjectConfigurationPlatforms) = postSolution
		{7E5464A6-9641-46BD-BDF1-DE09112B9CB9}.Debug|Any CPU.ActiveCfg = Debug|Any CPU
		{7E5464A6-9641-46BD-BDF1-DE09112B9CB9}.Debug|Any CPU.Build.0 = Debug|Any CPU
		{7E5464A6-9641-46BD-BDF1-DE09112B9CB9}.Release|Any CPU.ActiveCfg = Release|Any CPU
		{7E5464A6-9641-46BD-BDF1-DE09112B9CB9}.Release|Any CPU.Build.0 = Release|Any CPU
		{AA334D4B-9EC0-4D32-8F4F-81BCF407F138}.Debug|Any CPU.ActiveCfg = Debug|Any CPU
		{AA334D4B-9EC0-4D32-8F4F-81BCF407F138}.Release|Any CPU.ActiveCfg = Release|Any CPU
	EndGlobalSection
	GlobalSection(SolutionProperties) = preSolution
		HideSolutionNode = FALSE
	EndGlobalSection
	GlobalSection(ExtensibilityGlobals) = postSolution
		SolutionGuid = {917458F7-35C0-43E9-8BEA-ED8EB0480F6A}
	EndGlobalSection
EndGlobal
